// !$*UTF8*$!
{
	archiveVersion = 1;
	classes = {
	};
	objectVersion = 50;
	objects = {

/* Begin PBXBuildFile section */
		FFDF89412351DB19005877DC /* HudView.swift in Sources */ = {isa = PBXBuildFile; fileRef = FFDF89402351DB19005877DC /* HudView.swift */; };
		FFDF89462351E1B6005877DC /* DisplayLink.swift in Sources */ = {isa = PBXBuildFile; fileRef = FFDF89452351E1B6005877DC /* DisplayLink.swift */; };
		FFDF894C2351EEA3005877DC /* DisplayLinkSubscriber.swift in Sources */ = {isa = PBXBuildFile; fileRef = FFDF894B2351EEA3005877DC /* DisplayLinkSubscriber.swift */; };
		FFDF89502352FDFF005877DC /* ScreenCapture.swift in Sources */ = {isa = PBXBuildFile; fileRef = FFDF894F2352FDFF005877DC /* ScreenCapture.swift */; };
		FFDF89522353072C005877DC /* PreferencesController.swift in Sources */ = {isa = PBXBuildFile; fileRef = FFDF89512353072C005877DC /* PreferencesController.swift */; };
		FFF3A047235091F100FF4110 /* AppDelegate.swift in Sources */ = {isa = PBXBuildFile; fileRef = FFF3A046235091F100FF4110 /* AppDelegate.swift */; };
		FFF3A049235091F100FF4110 /* MagnifierViewController.swift in Sources */ = {isa = PBXBuildFile; fileRef = FFF3A048235091F100FF4110 /* MagnifierViewController.swift */; };
		FFF3A04B235091F400FF4110 /* Assets.xcassets in Resources */ = {isa = PBXBuildFile; fileRef = FFF3A04A235091F400FF4110 /* Assets.xcassets */; };
		FFF3A04E235091F400FF4110 /* Main.storyboard in Resources */ = {isa = PBXBuildFile; fileRef = FFF3A04C235091F400FF4110 /* Main.storyboard */; };
		FFF3A0572350AA4100FF4110 /* MagnifierWindowController.swift in Sources */ = {isa = PBXBuildFile; fileRef = FFF3A0562350AA4100FF4110 /* MagnifierWindowController.swift */; };
		FFF3A05C235196C800FF4110 /* MagnifierView.swift in Sources */ = {isa = PBXBuildFile; fileRef = FFF3A05B235196C800FF4110 /* MagnifierView.swift */; };
		FFF3A05E2351971200FF4110 /* DisplayLinkView.swift in Sources */ = {isa = PBXBuildFile; fileRef = FFF3A05D2351971200FF4110 /* DisplayLinkView.swift */; };
/* End PBXBuildFile section */

/* Begin PBXFileReference section */
		FFDF89402351DB19005877DC /* HudView.swift */ = {isa = PBXFileReference; lastKnownFileType = sourcecode.swift; path = HudView.swift; sourceTree = "<group>"; };
		FFDF89452351E1B6005877DC /* DisplayLink.swift */ = {isa = PBXFileReference; lastKnownFileType = sourcecode.swift; path = DisplayLink.swift; sourceTree = "<group>"; };
		FFDF894B2351EEA3005877DC /* DisplayLinkSubscriber.swift */ = {isa = PBXFileReference; lastKnownFileType = sourcecode.swift; path = DisplayLinkSubscriber.swift; sourceTree = "<group>"; };
		FFDF894F2352FDFF005877DC /* ScreenCapture.swift */ = {isa = PBXFileReference; lastKnownFileType = sourcecode.swift; path = ScreenCapture.swift; sourceTree = "<group>"; };
		FFDF89512353072C005877DC /* PreferencesController.swift */ = {isa = PBXFileReference; lastKnownFileType = sourcecode.swift; path = PreferencesController.swift; sourceTree = "<group>"; };
		FFF3A043235091F100FF4110 /* Pixie.app */ = {isa = PBXFileReference; explicitFileType = wrapper.application; includeInIndex = 0; path = Pixie.app; sourceTree = BUILT_PRODUCTS_DIR; };
		FFF3A046235091F100FF4110 /* AppDelegate.swift */ = {isa = PBXFileReference; lastKnownFileType = sourcecode.swift; path = AppDelegate.swift; sourceTree = "<group>"; };
		FFF3A048235091F100FF4110 /* MagnifierViewController.swift */ = {isa = PBXFileReference; lastKnownFileType = sourcecode.swift; path = MagnifierViewController.swift; sourceTree = "<group>"; };
		FFF3A04A235091F400FF4110 /* Assets.xcassets */ = {isa = PBXFileReference; lastKnownFileType = folder.assetcatalog; path = Assets.xcassets; sourceTree = "<group>"; };
		FFF3A04D235091F400FF4110 /* Base */ = {isa = PBXFileReference; lastKnownFileType = file.storyboard; name = Base; path = Base.lproj/Main.storyboard; sourceTree = "<group>"; };
		FFF3A04F235091F400FF4110 /* Info.plist */ = {isa = PBXFileReference; lastKnownFileType = text.plist.xml; path = Info.plist; sourceTree = "<group>"; };
		FFF3A050235091F400FF4110 /* Pixie.entitlements */ = {isa = PBXFileReference; lastKnownFileType = text.plist.entitlements; path = Pixie.entitlements; sourceTree = "<group>"; };
		FFF3A0562350AA4100FF4110 /* MagnifierWindowController.swift */ = {isa = PBXFileReference; lastKnownFileType = sourcecode.swift; path = MagnifierWindowController.swift; sourceTree = "<group>"; };
		FFF3A05B235196C800FF4110 /* MagnifierView.swift */ = {isa = PBXFileReference; lastKnownFileType = sourcecode.swift; path = MagnifierView.swift; sourceTree = "<group>"; };
		FFF3A05D2351971200FF4110 /* DisplayLinkView.swift */ = {isa = PBXFileReference; lastKnownFileType = sourcecode.swift; path = DisplayLinkView.swift; sourceTree = "<group>"; };
/* End PBXFileReference section */

/* Begin PBXFrameworksBuildPhase section */
		FFF3A040235091F100FF4110 /* Frameworks */ = {
			isa = PBXFrameworksBuildPhase;
			buildActionMask = 2147483647;
			files = (
			);
			runOnlyForDeploymentPostprocessing = 0;
		};
/* End PBXFrameworksBuildPhase section */

/* Begin PBXGroup section */
		FFB6C75C23545EF8007A5013 /* ScreenCapture */ = {
			isa = PBXGroup;
			children = (
				FFDF894F2352FDFF005877DC /* ScreenCapture.swift */,
			);
			path = ScreenCapture;
			sourceTree = "<group>";
		};
		FFDF89422351DD48005877DC /* Helpers */ = {
			isa = PBXGroup;
			children = (
				FFB6C75C23545EF8007A5013 /* ScreenCapture */,
				FFDF894D23523F08005877DC /* Display Link */,
			);
			path = Helpers;
			sourceTree = "<group>";
		};
		FFDF894D23523F08005877DC /* Display Link */ = {
			isa = PBXGroup;
			children = (
				FFDF89452351E1B6005877DC /* DisplayLink.swift */,
				FFDF894B2351EEA3005877DC /* DisplayLinkSubscriber.swift */,
			);
			path = "Display Link";
			sourceTree = "<group>";
		};
		FFF3A03A235091F100FF4110 = {
			isa = PBXGroup;
			children = (
				FFF3A045235091F100FF4110 /* Pixie */,
				FFF3A044235091F100FF4110 /* Products */,
			);
			sourceTree = "<group>";
		};
		FFF3A044235091F100FF4110 /* Products */ = {
			isa = PBXGroup;
			children = (
				FFF3A043235091F100FF4110 /* Pixie.app */,
			);
			name = Products;
			sourceTree = "<group>";
		};
		FFF3A045235091F100FF4110 /* Pixie */ = {
			isa = PBXGroup;
			children = (
				FFF3A046235091F100FF4110 /* AppDelegate.swift */,
				FFF3A0602351D7AD00FF4110 /* Controllers */,
				FFF3A05F2351D7A700FF4110 /* Views */,
				FFDF89422351DD48005877DC /* Helpers */,
				FFF3A0582350AB7400FF4110 /* Supporting Files */,
			);
			path = Pixie;
			sourceTree = "<group>";
		};
		FFF3A0582350AB7400FF4110 /* Supporting Files */ = {
			isa = PBXGroup;
			children = (
				FFF3A04A235091F400FF4110 /* Assets.xcassets */,
				FFF3A04C235091F400FF4110 /* Main.storyboard */,
				FFF3A04F235091F400FF4110 /* Info.plist */,
				FFF3A050235091F400FF4110 /* Pixie.entitlements */,
			);
			path = "Supporting Files";
			sourceTree = "<group>";
		};
		FFF3A05F2351D7A700FF4110 /* Views */ = {
			isa = PBXGroup;
			children = (
				FFF3A05B235196C800FF4110 /* MagnifierView.swift */,
				FFDF89402351DB19005877DC /* HudView.swift */,
				FFF3A05D2351971200FF4110 /* DisplayLinkView.swift */,
			);
			path = Views;
			sourceTree = "<group>";
		};
		FFF3A0602351D7AD00FF4110 /* Controllers */ = {
			isa = PBXGroup;
			children = (
				FFF3A0562350AA4100FF4110 /* MagnifierWindowController.swift */,
				FFF3A048235091F100FF4110 /* MagnifierViewController.swift */,
				FFDF89512353072C005877DC /* PreferencesController.swift */,
			);
			path = Controllers;
			sourceTree = "<group>";
		};
/* End PBXGroup section */

/* Begin PBXNativeTarget section */
		FFF3A042235091F100FF4110 /* Pixie */ = {
			isa = PBXNativeTarget;
			buildConfigurationList = FFF3A053235091F400FF4110 /* Build configuration list for PBXNativeTarget "Pixie" */;
			buildPhases = (
				FFF3A03F235091F100FF4110 /* Sources */,
				FFF3A040235091F100FF4110 /* Frameworks */,
				FFF3A041235091F100FF4110 /* Resources */,
			);
			buildRules = (
			);
			dependencies = (
			);
			name = Pixie;
			productName = Pixie;
			productReference = FFF3A043235091F100FF4110 /* Pixie.app */;
			productType = "com.apple.product-type.application";
		};
/* End PBXNativeTarget section */

/* Begin PBXProject section */
		FFF3A03B235091F100FF4110 /* Project object */ = {
			isa = PBXProject;
			attributes = {
				LastSwiftUpdateCheck = 1110;
				LastUpgradeCheck = 1110;
				ORGANIZATIONNAME = ix4n33;
				TargetAttributes = {
					FFF3A042235091F100FF4110 = {
						CreatedOnToolsVersion = 11.1;
					};
				};
			};
			buildConfigurationList = FFF3A03E235091F100FF4110 /* Build configuration list for PBXProject "Pixie" */;
			compatibilityVersion = "Xcode 9.3";
			developmentRegion = en;
			hasScannedForEncodings = 0;
			knownRegions = (
				en,
				Base,
			);
			mainGroup = FFF3A03A235091F100FF4110;
			productRefGroup = FFF3A044235091F100FF4110 /* Products */;
			projectDirPath = "";
			projectRoot = "";
			targets = (
				FFF3A042235091F100FF4110 /* Pixie */,
			);
		};
/* End PBXProject section */

/* Begin PBXResourcesBuildPhase section */
		FFF3A041235091F100FF4110 /* Resources */ = {
			isa = PBXResourcesBuildPhase;
			buildActionMask = 2147483647;
			files = (
				FFF3A04B235091F400FF4110 /* Assets.xcassets in Resources */,
				FFF3A04E235091F400FF4110 /* Main.storyboard in Resources */,
			);
			runOnlyForDeploymentPostprocessing = 0;
		};
/* End PBXResourcesBuildPhase section */

/* Begin PBXSourcesBuildPhase section */
		FFF3A03F235091F100FF4110 /* Sources */ = {
			isa = PBXSourcesBuildPhase;
			buildActionMask = 2147483647;
			files = (
				FFDF89522353072C005877DC /* PreferencesController.swift in Sources */,
				FFDF89462351E1B6005877DC /* DisplayLink.swift in Sources */,
				FFDF894C2351EEA3005877DC /* DisplayLinkSubscriber.swift in Sources */,
				FFF3A0572350AA4100FF4110 /* MagnifierWindowController.swift in Sources */,
				FFF3A049235091F100FF4110 /* MagnifierViewController.swift in Sources */,
				FFDF89412351DB19005877DC /* HudView.swift in Sources */,
				FFF3A05E2351971200FF4110 /* DisplayLinkView.swift in Sources */,
				FFF3A05C235196C800FF4110 /* MagnifierView.swift in Sources */,
				FFF3A047235091F100FF4110 /* AppDelegate.swift in Sources */,
				FFDF89502352FDFF005877DC /* ScreenCapture.swift in Sources */,
			);
			runOnlyForDeploymentPostprocessing = 0;
		};
/* End PBXSourcesBuildPhase section */

/* Begin PBXVariantGroup section */
		FFF3A04C235091F400FF4110 /* Main.storyboard */ = {
			isa = PBXVariantGroup;
			children = (
				FFF3A04D235091F400FF4110 /* Base */,
			);
			name = Main.storyboard;
			sourceTree = "<group>";
		};
/* End PBXVariantGroup section */

/* Begin XCBuildConfiguration section */
		FFF3A051235091F400FF4110 /* Debug */ = {
			isa = XCBuildConfiguration;
			buildSettings = {
				ALWAYS_SEARCH_USER_PATHS = NO;
				CLANG_ANALYZER_NONNULL = YES;
				CLANG_ANALYZER_NUMBER_OBJECT_CONVERSION = YES_AGGRESSIVE;
				CLANG_CXX_LANGUAGE_STANDARD = "gnu++14";
				CLANG_CXX_LIBRARY = "libc++";
				CLANG_ENABLE_MODULES = YES;
				CLANG_ENABLE_OBJC_ARC = YES;
				CLANG_ENABLE_OBJC_WEAK = YES;
				CLANG_WARN_BLOCK_CAPTURE_AUTORELEASING = YES;
				CLANG_WARN_BOOL_CONVERSION = YES;
				CLANG_WARN_COMMA = YES;
				CLANG_WARN_CONSTANT_CONVERSION = YES;
				CLANG_WARN_DEPRECATED_OBJC_IMPLEMENTATIONS = YES;
				CLANG_WARN_DIRECT_OBJC_ISA_USAGE = YES_ERROR;
				CLANG_WARN_DOCUMENTATION_COMMENTS = YES;
				CLANG_WARN_EMPTY_BODY = YES;
				CLANG_WARN_ENUM_CONVERSION = YES;
				CLANG_WARN_INFINITE_RECURSION = YES;
				CLANG_WARN_INT_CONVERSION = YES;
				CLANG_WARN_NON_LITERAL_NULL_CONVERSION = YES;
				CLANG_WARN_OBJC_IMPLICIT_RETAIN_SELF = YES;
				CLANG_WARN_OBJC_LITERAL_CONVERSION = YES;
				CLANG_WARN_OBJC_ROOT_CLASS = YES_ERROR;
				CLANG_WARN_RANGE_LOOP_ANALYSIS = YES;
				CLANG_WARN_STRICT_PROTOTYPES = YES;
				CLANG_WARN_SUSPICIOUS_MOVE = YES;
				CLANG_WARN_UNGUARDED_AVAILABILITY = YES_AGGRESSIVE;
				CLANG_WARN_UNREACHABLE_CODE = YES;
				CLANG_WARN__DUPLICATE_METHOD_MATCH = YES;
				COPY_PHASE_STRIP = NO;
				DEBUG_INFORMATION_FORMAT = dwarf;
				ENABLE_STRICT_OBJC_MSGSEND = YES;
				ENABLE_TESTABILITY = YES;
				GCC_C_LANGUAGE_STANDARD = gnu11;
				GCC_DYNAMIC_NO_PIC = NO;
				GCC_NO_COMMON_BLOCKS = YES;
				GCC_OPTIMIZATION_LEVEL = 0;
				GCC_PREPROCESSOR_DEFINITIONS = (
					"DEBUG=1",
					"$(inherited)",
				);
				GCC_WARN_64_TO_32_BIT_CONVERSION = YES;
				GCC_WARN_ABOUT_RETURN_TYPE = YES_ERROR;
				GCC_WARN_UNDECLARED_SELECTOR = YES;
				GCC_WARN_UNINITIALIZED_AUTOS = YES_AGGRESSIVE;
				GCC_WARN_UNUSED_FUNCTION = YES;
				GCC_WARN_UNUSED_VARIABLE = YES;
				MACOSX_DEPLOYMENT_TARGET = 10.15;
				MTL_ENABLE_DEBUG_INFO = INCLUDE_SOURCE;
				MTL_FAST_MATH = YES;
				ONLY_ACTIVE_ARCH = YES;
				SDKROOT = macosx;
				SWIFT_ACTIVE_COMPILATION_CONDITIONS = DEBUG;
				SWIFT_OPTIMIZATION_LEVEL = "-Onone";
			};
			name = Debug;
		};
		FFF3A052235091F400FF4110 /* Release */ = {
			isa = XCBuildConfiguration;
			buildSettings = {
				ALWAYS_SEARCH_USER_PATHS = NO;
				CLANG_ANALYZER_NONNULL = YES;
				CLANG_ANALYZER_NUMBER_OBJECT_CONVERSION = YES_AGGRESSIVE;
				CLANG_CXX_LANGUAGE_STANDARD = "gnu++14";
				CLANG_CXX_LIBRARY = "libc++";
				CLANG_ENABLE_MODULES = YES;
				CLANG_ENABLE_OBJC_ARC = YES;
				CLANG_ENABLE_OBJC_WEAK = YES;
				CLANG_WARN_BLOCK_CAPTURE_AUTORELEASING = YES;
				CLANG_WARN_BOOL_CONVERSION = YES;
				CLANG_WARN_COMMA = YES;
				CLANG_WARN_CONSTANT_CONVERSION = YES;
				CLANG_WARN_DEPRECATED_OBJC_IMPLEMENTATIONS = YES;
				CLANG_WARN_DIRECT_OBJC_ISA_USAGE = YES_ERROR;
				CLANG_WARN_DOCUMENTATION_COMMENTS = YES;
				CLANG_WARN_EMPTY_BODY = YES;
				CLANG_WARN_ENUM_CONVERSION = YES;
				CLANG_WARN_INFINITE_RECURSION = YES;
				CLANG_WARN_INT_CONVERSION = YES;
				CLANG_WARN_NON_LITERAL_NULL_CONVERSION = YES;
				CLANG_WARN_OBJC_IMPLICIT_RETAIN_SELF = YES;
				CLANG_WARN_OBJC_LITERAL_CONVERSION = YES;
				CLANG_WARN_OBJC_ROOT_CLASS = YES_ERROR;
				CLANG_WARN_RANGE_LOOP_ANALYSIS = YES;
				CLANG_WARN_STRICT_PROTOTYPES = YES;
				CLANG_WARN_SUSPICIOUS_MOVE = YES;
				CLANG_WARN_UNGUARDED_AVAILABILITY = YES_AGGRESSIVE;
				CLANG_WARN_UNREACHABLE_CODE = YES;
				CLANG_WARN__DUPLICATE_METHOD_MATCH = YES;
				COPY_PHASE_STRIP = NO;
				DEBUG_INFORMATION_FORMAT = "dwarf-with-dsym";
				ENABLE_NS_ASSERTIONS = NO;
				ENABLE_STRICT_OBJC_MSGSEND = YES;
				GCC_C_LANGUAGE_STANDARD = gnu11;
				GCC_NO_COMMON_BLOCKS = YES;
				GCC_WARN_64_TO_32_BIT_CONVERSION = YES;
				GCC_WARN_ABOUT_RETURN_TYPE = YES_ERROR;
				GCC_WARN_UNDECLARED_SELECTOR = YES;
				GCC_WARN_UNINITIALIZED_AUTOS = YES_AGGRESSIVE;
				GCC_WARN_UNUSED_FUNCTION = YES;
				GCC_WARN_UNUSED_VARIABLE = YES;
				MACOSX_DEPLOYMENT_TARGET = 10.15;
				MTL_ENABLE_DEBUG_INFO = NO;
				MTL_FAST_MATH = YES;
				SDKROOT = macosx;
				SWIFT_COMPILATION_MODE = wholemodule;
				SWIFT_OPTIMIZATION_LEVEL = "-O";
			};
			name = Release;
		};
		FFF3A054235091F400FF4110 /* Debug */ = {
			isa = XCBuildConfiguration;
			buildSettings = {
				ASSETCATALOG_COMPILER_APPICON_NAME = AppIcon;
				CODE_SIGN_ENTITLEMENTS = "Pixie/Supporting Files/Pixie.entitlements";
				CODE_SIGN_STYLE = Automatic;
				COMBINE_HIDPI_IMAGES = YES;
				DEVELOPMENT_TEAM = 8BBVVM36W4;
				ENABLE_HARDENED_RUNTIME = YES;
				INFOPLIST_FILE = "Pixie/Supporting Files/Info.plist";
				LD_RUNPATH_SEARCH_PATHS = (
					"$(inherited)",
					"@executable_path/../Frameworks",
				);
				PRODUCT_BUNDLE_IDENTIFIER = com.nyrra33.Pixie;
				PRODUCT_NAME = "$(TARGET_NAME)";
				SWIFT_VERSION = 5.0;
			};
			name = Debug;
		};
		FFF3A055235091F400FF4110 /* Release */ = {
			isa = XCBuildConfiguration;
			buildSettings = {
				ASSETCATALOG_COMPILER_APPICON_NAME = AppIcon;
				CODE_SIGN_ENTITLEMENTS = "Pixie/Supporting Files/Pixie.entitlements";
				CODE_SIGN_STYLE = Automatic;
				COMBINE_HIDPI_IMAGES = YES;
				DEVELOPMENT_TEAM = 8BBVVM36W4;
				ENABLE_HARDENED_RUNTIME = YES;
				INFOPLIST_FILE = "Pixie/Supporting Files/Info.plist";
				LD_RUNPATH_SEARCH_PATHS = (
					"$(inherited)",
					"@executable_path/../Frameworks",
				);
				PRODUCT_BUNDLE_IDENTIFIER = com.nyrra33.Pixie;
				PRODUCT_NAME = "$(TARGET_NAME)";
				SWIFT_VERSION = 5.0;
			};
			name = Release;
		};
/* End XCBuildConfiguration section */

/* Begin XCConfigurationList section */
		FFF3A03E235091F100FF4110 /* Build configuration list for PBXProject "Pixie" */ = {
			isa = XCConfigurationList;
			buildConfigurations = (
				FFF3A051235091F400FF4110 /* Debug */,
				FFF3A052235091F400FF4110 /* Release */,
			);
			defaultConfigurationIsVisible = 0;
			defaultConfigurationName = Release;
		};
		FFF3A053235091F400FF4110 /* Build configuration list for PBXNativeTarget "Pixie" */ = {
			isa = XCConfigurationList;
			buildConfigurations = (
				FFF3A054235091F400FF4110 /* Debug */,
				FFF3A055235091F400FF4110 /* Release */,
			);
			defaultConfigurationIsVisible = 0;
			defaultConfigurationName = Release;
		};
/* End XCConfigurationList section */
	};
	rootObject = FFF3A03B235091F100FF4110 /* Project object */;
}
